// !$*UTF8*$!
{
	archiveVersion = 1;
	classes = {
	};
	objectVersion = 50;
	objects = {

/* Begin PBXBuildFile section */
		2C0F343923701B530076304A /* sun_texture.jpg in Resources */ = {isa = PBXBuildFile; fileRef = 2C0F343823701B530076304A /* sun_texture.jpg */; };
		2C0F343B23701F720076304A /* mars_texture.jpg in Resources */ = {isa = PBXBuildFile; fileRef = 2C0F343A23701F720076304A /* mars_texture.jpg */; };
		2C2BDB63237833990007F5AC /* Planet.swift in Sources */ = {isa = PBXBuildFile; fileRef = 2C2BDB62237833990007F5AC /* Planet.swift */; };
		2C305A0F2370AE0F00544F9B /* pluto_texture.png in Resources */ = {isa = PBXBuildFile; fileRef = 2C305A0E2370AE0F00544F9B /* pluto_texture.png */; };
		2C305A132370AECB00544F9B /* mercury_texture.jpg in Resources */ = {isa = PBXBuildFile; fileRef = 2C305A102370AECB00544F9B /* mercury_texture.jpg */; };
		2C305A142370AECB00544F9B /* venus_texture.jpg in Resources */ = {isa = PBXBuildFile; fileRef = 2C305A112370AECB00544F9B /* venus_texture.jpg */; };
		2C305A152370AECB00544F9B /* jupiter_texture.jpg in Resources */ = {isa = PBXBuildFile; fileRef = 2C305A122370AECB00544F9B /* jupiter_texture.jpg */; };
		2C52E1032371EEC30097E614 /* placeholder.png in Resources */ = {isa = PBXBuildFile; fileRef = 2C52E1022371EEC30097E614 /* placeholder.png */; };
		2C52E10A2371F0EC0097E614 /* skyboxFT.png in Resources */ = {isa = PBXBuildFile; fileRef = 2C52E1042371F0EB0097E614 /* skyboxFT.png */; };
		2C52E10B2371F0EC0097E614 /* skyboxUP.png in Resources */ = {isa = PBXBuildFile; fileRef = 2C52E1052371F0EB0097E614 /* skyboxUP.png */; };
		2C52E10C2371F0EC0097E614 /* skyboxDN.png in Resources */ = {isa = PBXBuildFile; fileRef = 2C52E1062371F0EB0097E614 /* skyboxDN.png */; };
		2C52E10D2371F0EC0097E614 /* skyboxBK.png in Resources */ = {isa = PBXBuildFile; fileRef = 2C52E1072371F0EC0097E614 /* skyboxBK.png */; };
		2C52E10E2371F0EC0097E614 /* skyboxLF.png in Resources */ = {isa = PBXBuildFile; fileRef = 2C52E1082371F0EC0097E614 /* skyboxLF.png */; };
		2C52E10F2371F0EC0097E614 /* skyboxRT.png in Resources */ = {isa = PBXBuildFile; fileRef = 2C52E1092371F0EC0097E614 /* skyboxRT.png */; };
		2C53C308236CB216003AEC8C /* AppDelegate.swift in Sources */ = {isa = PBXBuildFile; fileRef = 2C53C307236CB216003AEC8C /* AppDelegate.swift */; };
		2C53C30C236CB216003AEC8C /* GameViewController.swift in Sources */ = {isa = PBXBuildFile; fileRef = 2C53C30B236CB216003AEC8C /* GameViewController.swift */; };
		2C53C30F236CB216003AEC8C /* Main.storyboard in Resources */ = {isa = PBXBuildFile; fileRef = 2C53C30D236CB216003AEC8C /* Main.storyboard */; };
		2C53C311236CB217003AEC8C /* Assets.xcassets in Resources */ = {isa = PBXBuildFile; fileRef = 2C53C310236CB217003AEC8C /* Assets.xcassets */; };
		2C53C314236CB217003AEC8C /* LaunchScreen.storyboard in Resources */ = {isa = PBXBuildFile; fileRef = 2C53C312236CB217003AEC8C /* LaunchScreen.storyboard */; };
		2C53C31F236CB217003AEC8C /* PlanetariumTests.swift in Sources */ = {isa = PBXBuildFile; fileRef = 2C53C31E236CB217003AEC8C /* PlanetariumTests.swift */; };
		2C53C32A236CB218003AEC8C /* PlanetariumUITests.swift in Sources */ = {isa = PBXBuildFile; fileRef = 2C53C329236CB218003AEC8C /* PlanetariumUITests.swift */; };
		2C53C33B236CB966003AEC8C /* earth_texture.png in Resources */ = {isa = PBXBuildFile; fileRef = 2C53C33A236CB966003AEC8C /* earth_texture.png */; };
		2CBD165D2370DF2D0011658E /* skybox.jpg in Resources */ = {isa = PBXBuildFile; fileRef = 2CBD165C2370DF2D0011658E /* skybox.jpg */; };
/* End PBXBuildFile section */

/* Begin PBXContainerItemProxy section */
		2C53C31B236CB217003AEC8C /* PBXContainerItemProxy */ = {
			isa = PBXContainerItemProxy;
			containerPortal = 2C53C2FC236CB216003AEC8C /* Project object */;
			proxyType = 1;
			remoteGlobalIDString = 2C53C303236CB216003AEC8C;
			remoteInfo = Planetarium;
		};
		2C53C326236CB217003AEC8C /* PBXContainerItemProxy */ = {
			isa = PBXContainerItemProxy;
			containerPortal = 2C53C2FC236CB216003AEC8C /* Project object */;
			proxyType = 1;
			remoteGlobalIDString = 2C53C303236CB216003AEC8C;
			remoteInfo = Planetarium;
		};
/* End PBXContainerItemProxy section */

/* Begin PBXFileReference section */
		2C0B83A92370B2F0004287D5 /* Planetarium.entitlements */ = {isa = PBXFileReference; lastKnownFileType = text.plist.entitlements; path = Planetarium.entitlements; sourceTree = "<group>"; };
		2C0F343823701B530076304A /* sun_texture.jpg */ = {isa = PBXFileReference; lastKnownFileType = image.jpeg; path = sun_texture.jpg; sourceTree = "<group>"; };
		2C0F343A23701F720076304A /* mars_texture.jpg */ = {isa = PBXFileReference; lastKnownFileType = image.jpeg; path = mars_texture.jpg; sourceTree = "<group>"; };
		2C2BDB62237833990007F5AC /* Planet.swift */ = {isa = PBXFileReference; lastKnownFileType = sourcecode.swift; path = Planet.swift; sourceTree = "<group>"; };
		2C305A0E2370AE0F00544F9B /* pluto_texture.png */ = {isa = PBXFileReference; lastKnownFileType = image.png; path = pluto_texture.png; sourceTree = "<group>"; };
		2C305A102370AECB00544F9B /* mercury_texture.jpg */ = {isa = PBXFileReference; lastKnownFileType = image.jpeg; path = mercury_texture.jpg; sourceTree = "<group>"; };
		2C305A112370AECB00544F9B /* venus_texture.jpg */ = {isa = PBXFileReference; lastKnownFileType = image.jpeg; path = venus_texture.jpg; sourceTree = "<group>"; };
		2C305A122370AECB00544F9B /* jupiter_texture.jpg */ = {isa = PBXFileReference; lastKnownFileType = image.jpeg; path = jupiter_texture.jpg; sourceTree = "<group>"; };
		2C52E1022371EEC30097E614 /* placeholder.png */ = {isa = PBXFileReference; lastKnownFileType = image.png; path = placeholder.png; sourceTree = "<group>"; };
		2C52E1042371F0EB0097E614 /* skyboxFT.png */ = {isa = PBXFileReference; lastKnownFileType = image.png; path = skyboxFT.png; sourceTree = "<group>"; };
		2C52E1052371F0EB0097E614 /* skyboxUP.png */ = {isa = PBXFileReference; lastKnownFileType = image.png; path = skyboxUP.png; sourceTree = "<group>"; };
		2C52E1062371F0EB0097E614 /* skyboxDN.png */ = {isa = PBXFileReference; lastKnownFileType = image.png; path = skyboxDN.png; sourceTree = "<group>"; };
		2C52E1072371F0EC0097E614 /* skyboxBK.png */ = {isa = PBXFileReference; lastKnownFileType = image.png; path = skyboxBK.png; sourceTree = "<group>"; };
		2C52E1082371F0EC0097E614 /* skyboxLF.png */ = {isa = PBXFileReference; lastKnownFileType = image.png; path = skyboxLF.png; sourceTree = "<group>"; };
		2C52E1092371F0EC0097E614 /* skyboxRT.png */ = {isa = PBXFileReference; lastKnownFileType = image.png; path = skyboxRT.png; sourceTree = "<group>"; };
		2C53C304236CB216003AEC8C /* Planetarium.app */ = {isa = PBXFileReference; explicitFileType = wrapper.application; includeInIndex = 0; path = Planetarium.app; sourceTree = BUILT_PRODUCTS_DIR; };
		2C53C307236CB216003AEC8C /* AppDelegate.swift */ = {isa = PBXFileReference; lastKnownFileType = sourcecode.swift; path = AppDelegate.swift; sourceTree = "<group>"; };
		2C53C30B236CB216003AEC8C /* GameViewController.swift */ = {isa = PBXFileReference; lastKnownFileType = sourcecode.swift; path = GameViewController.swift; sourceTree = "<group>"; };
		2C53C30E236CB216003AEC8C /* Base */ = {isa = PBXFileReference; lastKnownFileType = file.storyboard; name = Base; path = Base.lproj/Main.storyboard; sourceTree = "<group>"; };
		2C53C310236CB217003AEC8C /* Assets.xcassets */ = {isa = PBXFileReference; lastKnownFileType = folder.assetcatalog; path = Assets.xcassets; sourceTree = "<group>"; };
		2C53C313236CB217003AEC8C /* Base */ = {isa = PBXFileReference; lastKnownFileType = file.storyboard; name = Base; path = Base.lproj/LaunchScreen.storyboard; sourceTree = "<group>"; };
		2C53C315236CB217003AEC8C /* Info.plist */ = {isa = PBXFileReference; lastKnownFileType = text.plist.xml; path = Info.plist; sourceTree = "<group>"; };
		2C53C31A236CB217003AEC8C /* PlanetariumTests.xctest */ = {isa = PBXFileReference; explicitFileType = wrapper.cfbundle; includeInIndex = 0; path = PlanetariumTests.xctest; sourceTree = BUILT_PRODUCTS_DIR; };
		2C53C31E236CB217003AEC8C /* PlanetariumTests.swift */ = {isa = PBXFileReference; lastKnownFileType = sourcecode.swift; path = PlanetariumTests.swift; sourceTree = "<group>"; };
		2C53C320236CB217003AEC8C /* Info.plist */ = {isa = PBXFileReference; lastKnownFileType = text.plist.xml; path = Info.plist; sourceTree = "<group>"; };
		2C53C325236CB217003AEC8C /* PlanetariumUITests.xctest */ = {isa = PBXFileReference; explicitFileType = wrapper.cfbundle; includeInIndex = 0; path = PlanetariumUITests.xctest; sourceTree = BUILT_PRODUCTS_DIR; };
		2C53C329236CB218003AEC8C /* PlanetariumUITests.swift */ = {isa = PBXFileReference; lastKnownFileType = sourcecode.swift; path = PlanetariumUITests.swift; sourceTree = "<group>"; };
		2C53C32B236CB218003AEC8C /* Info.plist */ = {isa = PBXFileReference; lastKnownFileType = text.plist.xml; path = Info.plist; sourceTree = "<group>"; };
		2C53C33A236CB966003AEC8C /* earth_texture.png */ = {isa = PBXFileReference; lastKnownFileType = image.png; path = earth_texture.png; sourceTree = "<group>"; };
		2CBD165C2370DF2D0011658E /* skybox.jpg */ = {isa = PBXFileReference; lastKnownFileType = image.jpeg; path = skybox.jpg; sourceTree = "<group>"; };
/* End PBXFileReference section */

/* Begin PBXFrameworksBuildPhase section */
		2C53C301236CB216003AEC8C /* Frameworks */ = {
			isa = PBXFrameworksBuildPhase;
			buildActionMask = 2147483647;
			files = (
			);
			runOnlyForDeploymentPostprocessing = 0;
		};
		2C53C317236CB217003AEC8C /* Frameworks */ = {
			isa = PBXFrameworksBuildPhase;
			buildActionMask = 2147483647;
			files = (
			);
			runOnlyForDeploymentPostprocessing = 0;
		};
		2C53C322236CB217003AEC8C /* Frameworks */ = {
			isa = PBXFrameworksBuildPhase;
			buildActionMask = 2147483647;
			files = (
			);
			runOnlyForDeploymentPostprocessing = 0;
		};
/* End PBXFrameworksBuildPhase section */

/* Begin PBXGroup section */
		2C53C2FB236CB216003AEC8C = {
			isa = PBXGroup;
			children = (
				2C53C306236CB216003AEC8C /* Planetarium */,
				2C53C31D236CB217003AEC8C /* PlanetariumTests */,
				2C53C328236CB217003AEC8C /* PlanetariumUITests */,
				2C53C305236CB216003AEC8C /* Products */,
			);
			sourceTree = "<group>";
		};
		2C53C305236CB216003AEC8C /* Products */ = {
			isa = PBXGroup;
			children = (
				2C53C304236CB216003AEC8C /* Planetarium.app */,
				2C53C31A236CB217003AEC8C /* PlanetariumTests.xctest */,
				2C53C325236CB217003AEC8C /* PlanetariumUITests.xctest */,
			);
			name = Products;
			sourceTree = "<group>";
		};
		2C53C306236CB216003AEC8C /* Planetarium */ = {
			isa = PBXGroup;
			children = (
				2C0B83A92370B2F0004287D5 /* Planetarium.entitlements */,
				2C53C337236CB896003AEC8C /* textures */,
				2C53C307236CB216003AEC8C /* AppDelegate.swift */,
				2C53C30B236CB216003AEC8C /* GameViewController.swift */,
				2C53C30D236CB216003AEC8C /* Main.storyboard */,
				2C53C310236CB217003AEC8C /* Assets.xcassets */,
				2C53C312236CB217003AEC8C /* LaunchScreen.storyboard */,
				2C53C315236CB217003AEC8C /* Info.plist */,
				2C2BDB62237833990007F5AC /* Planet.swift */,
			);
			path = Planetarium;
			sourceTree = "<group>";
		};
		2C53C31D236CB217003AEC8C /* PlanetariumTests */ = {
			isa = PBXGroup;
			children = (
				2C53C31E236CB217003AEC8C /* PlanetariumTests.swift */,
				2C53C320236CB217003AEC8C /* Info.plist */,
			);
			path = PlanetariumTests;
			sourceTree = "<group>";
		};
		2C53C328236CB217003AEC8C /* PlanetariumUITests */ = {
			isa = PBXGroup;
			children = (
				2C53C329236CB218003AEC8C /* PlanetariumUITests.swift */,
				2C53C32B236CB218003AEC8C /* Info.plist */,
			);
			path = PlanetariumUITests;
			sourceTree = "<group>";
		};
		2C53C337236CB896003AEC8C /* textures */ = {
			isa = PBXGroup;
			children = (
				2C52E1022371EEC30097E614 /* placeholder.png */,
				2CBD165E2370E0330011658E /* skybox */,
				2CBD165C2370DF2D0011658E /* skybox.jpg */,
				2C53C33A236CB966003AEC8C /* earth_texture.png */,
				2C0F343823701B530076304A /* sun_texture.jpg */,
				2C0F343A23701F720076304A /* mars_texture.jpg */,
				2C305A0E2370AE0F00544F9B /* pluto_texture.png */,
				2C305A122370AECB00544F9B /* jupiter_texture.jpg */,
				2C305A102370AECB00544F9B /* mercury_texture.jpg */,
				2C305A112370AECB00544F9B /* venus_texture.jpg */,
			);
			path = textures;
			sourceTree = "<group>";
		};
		2CBD165E2370E0330011658E /* skybox */ = {
			isa = PBXGroup;
			children = (
				2C52E1072371F0EC0097E614 /* skyboxBK.png */,
				2C52E1062371F0EB0097E614 /* skyboxDN.png */,
				2C52E1042371F0EB0097E614 /* skyboxFT.png */,
				2C52E1082371F0EC0097E614 /* skyboxLF.png */,
				2C52E1092371F0EC0097E614 /* skyboxRT.png */,
				2C52E1052371F0EB0097E614 /* skyboxUP.png */,
			);
			path = skybox;
			sourceTree = "<group>";
		};
/* End PBXGroup section */

/* Begin PBXNativeTarget section */
		2C53C303236CB216003AEC8C /* Planetarium */ = {
			isa = PBXNativeTarget;
			buildConfigurationList = 2C53C32E236CB218003AEC8C /* Build configuration list for PBXNativeTarget "Planetarium" */;
			buildPhases = (
				2C53C300236CB216003AEC8C /* Sources */,
				2C53C301236CB216003AEC8C /* Frameworks */,
				2C53C302236CB216003AEC8C /* Resources */,
			);
			buildRules = (
			);
			dependencies = (
			);
			name = Planetarium;
			productName = Planetarium;
			productReference = 2C53C304236CB216003AEC8C /* Planetarium.app */;
			productType = "com.apple.product-type.application";
		};
		2C53C319236CB217003AEC8C /* PlanetariumTests */ = {
			isa = PBXNativeTarget;
			buildConfigurationList = 2C53C331236CB218003AEC8C /* Build configuration list for PBXNativeTarget "PlanetariumTests" */;
			buildPhases = (
				2C53C316236CB217003AEC8C /* Sources */,
				2C53C317236CB217003AEC8C /* Frameworks */,
				2C53C318236CB217003AEC8C /* Resources */,
			);
			buildRules = (
			);
			dependencies = (
				2C53C31C236CB217003AEC8C /* PBXTargetDependency */,
			);
			name = PlanetariumTests;
			productName = PlanetariumTests;
			productReference = 2C53C31A236CB217003AEC8C /* PlanetariumTests.xctest */;
			productType = "com.apple.product-type.bundle.unit-test";
		};
		2C53C324236CB217003AEC8C /* PlanetariumUITests */ = {
			isa = PBXNativeTarget;
			buildConfigurationList = 2C53C334236CB218003AEC8C /* Build configuration list for PBXNativeTarget "PlanetariumUITests" */;
			buildPhases = (
				2C53C321236CB217003AEC8C /* Sources */,
				2C53C322236CB217003AEC8C /* Frameworks */,
				2C53C323236CB217003AEC8C /* Resources */,
			);
			buildRules = (
			);
			dependencies = (
				2C53C327236CB217003AEC8C /* PBXTargetDependency */,
			);
			name = PlanetariumUITests;
			productName = PlanetariumUITests;
			productReference = 2C53C325236CB217003AEC8C /* PlanetariumUITests.xctest */;
			productType = "com.apple.product-type.bundle.ui-testing";
		};
/* End PBXNativeTarget section */

/* Begin PBXProject section */
		2C53C2FC236CB216003AEC8C /* Project object */ = {
			isa = PBXProject;
			attributes = {
				LastSwiftUpdateCheck = 1120;
				LastUpgradeCheck = 1120;
				ORGANIZATIONNAME = "Marius Bronner";
				TargetAttributes = {
					2C53C303236CB216003AEC8C = {
						CreatedOnToolsVersion = 11.2;
					};
					2C53C319236CB217003AEC8C = {
						CreatedOnToolsVersion = 11.2;
						TestTargetID = 2C53C303236CB216003AEC8C;
					};
					2C53C324236CB217003AEC8C = {
						CreatedOnToolsVersion = 11.2;
						TestTargetID = 2C53C303236CB216003AEC8C;
					};
				};
			};
			buildConfigurationList = 2C53C2FF236CB216003AEC8C /* Build configuration list for PBXProject "Planetarium" */;
			compatibilityVersion = "Xcode 9.3";
			developmentRegion = en;
			hasScannedForEncodings = 0;
			knownRegions = (
				en,
				Base,
			);
			mainGroup = 2C53C2FB236CB216003AEC8C;
			productRefGroup = 2C53C305236CB216003AEC8C /* Products */;
			projectDirPath = "";
			projectRoot = "";
			targets = (
				2C53C303236CB216003AEC8C /* Planetarium */,
				2C53C319236CB217003AEC8C /* PlanetariumTests */,
				2C53C324236CB217003AEC8C /* PlanetariumUITests */,
			);
		};
/* End PBXProject section */

/* Begin PBXResourcesBuildPhase section */
		2C53C302236CB216003AEC8C /* Resources */ = {
			isa = PBXResourcesBuildPhase;
			buildActionMask = 2147483647;
			files = (
				2C305A0F2370AE0F00544F9B /* pluto_texture.png in Resources */,
				2CBD165D2370DF2D0011658E /* skybox.jpg in Resources */,
				2C53C314236CB217003AEC8C /* LaunchScreen.storyboard in Resources */,
				2C53C311236CB217003AEC8C /* Assets.xcassets in Resources */,
				2C52E10B2371F0EC0097E614 /* skyboxUP.png in Resources */,
				2C52E10C2371F0EC0097E614 /* skyboxDN.png in Resources */,
				2C53C33B236CB966003AEC8C /* earth_texture.png in Resources */,
				2C305A152370AECB00544F9B /* jupiter_texture.jpg in Resources */,
				2C0F343923701B530076304A /* sun_texture.jpg in Resources */,
				2C53C30F236CB216003AEC8C /* Main.storyboard in Resources */,
				2C305A142370AECB00544F9B /* venus_texture.jpg in Resources */,
				2C52E10A2371F0EC0097E614 /* skyboxFT.png in Resources */,
				2C52E10D2371F0EC0097E614 /* skyboxBK.png in Resources */,
				2C52E10E2371F0EC0097E614 /* skyboxLF.png in Resources */,
				2C52E1032371EEC30097E614 /* placeholder.png in Resources */,
				2C0F343B23701F720076304A /* mars_texture.jpg in Resources */,
				2C305A132370AECB00544F9B /* mercury_texture.jpg in Resources */,
				2C52E10F2371F0EC0097E614 /* skyboxRT.png in Resources */,
			);
			runOnlyForDeploymentPostprocessing = 0;
		};
		2C53C318236CB217003AEC8C /* Resources */ = {
			isa = PBXResourcesBuildPhase;
			buildActionMask = 2147483647;
			files = (
			);
			runOnlyForDeploymentPostprocessing = 0;
		};
		2C53C323236CB217003AEC8C /* Resources */ = {
			isa = PBXResourcesBuildPhase;
			buildActionMask = 2147483647;
			files = (
			);
			runOnlyForDeploymentPostprocessing = 0;
		};
/* End PBXResourcesBuildPhase section */

/* Begin PBXSourcesBuildPhase section */
		2C53C300236CB216003AEC8C /* Sources */ = {
			isa = PBXSourcesBuildPhase;
			buildActionMask = 2147483647;
			files = (
				2C2BDB63237833990007F5AC /* Planet.swift in Sources */,
				2C53C30C236CB216003AEC8C /* GameViewController.swift in Sources */,
				2C53C308236CB216003AEC8C /* AppDelegate.swift in Sources */,
			);
			runOnlyForDeploymentPostprocessing = 0;
		};
		2C53C316236CB217003AEC8C /* Sources */ = {
			isa = PBXSourcesBuildPhase;
			buildActionMask = 2147483647;
			files = (
				2C53C31F236CB217003AEC8C /* PlanetariumTests.swift in Sources */,
			);
			runOnlyForDeploymentPostprocessing = 0;
		};
		2C53C321236CB217003AEC8C /* Sources */ = {
			isa = PBXSourcesBuildPhase;
			buildActionMask = 2147483647;
			files = (
				2C53C32A236CB218003AEC8C /* PlanetariumUITests.swift in Sources */,
			);
			runOnlyForDeploymentPostprocessing = 0;
		};
/* End PBXSourcesBuildPhase section */

/* Begin PBXTargetDependency section */
		2C53C31C236CB217003AEC8C /* PBXTargetDependency */ = {
			isa = PBXTargetDependency;
			target = 2C53C303236CB216003AEC8C /* Planetarium */;
			targetProxy = 2C53C31B236CB217003AEC8C /* PBXContainerItemProxy */;
		};
		2C53C327236CB217003AEC8C /* PBXTargetDependency */ = {
			isa = PBXTargetDependency;
			target = 2C53C303236CB216003AEC8C /* Planetarium */;
			targetProxy = 2C53C326236CB217003AEC8C /* PBXContainerItemProxy */;
		};
/* End PBXTargetDependency section */

/* Begin PBXVariantGroup section */
		2C53C30D236CB216003AEC8C /* Main.storyboard */ = {
			isa = PBXVariantGroup;
			children = (
				2C53C30E236CB216003AEC8C /* Base */,
			);
			name = Main.storyboard;
			sourceTree = "<group>";
		};
		2C53C312236CB217003AEC8C /* LaunchScreen.storyboard */ = {
			isa = PBXVariantGroup;
			children = (
				2C53C313236CB217003AEC8C /* Base */,
			);
			name = LaunchScreen.storyboard;
			sourceTree = "<group>";
		};
/* End PBXVariantGroup section */

/* Begin XCBuildConfiguration section */
		2C53C32C236CB218003AEC8C /* Debug */ = {
			isa = XCBuildConfiguration;
			buildSettings = {
				ALWAYS_SEARCH_USER_PATHS = NO;
				CLANG_ANALYZER_NONNULL = YES;
				CLANG_ANALYZER_NUMBER_OBJECT_CONVERSION = YES_AGGRESSIVE;
				CLANG_CXX_LANGUAGE_STANDARD = "gnu++14";
				CLANG_CXX_LIBRARY = "libc++";
				CLANG_ENABLE_MODULES = YES;
				CLANG_ENABLE_OBJC_ARC = YES;
				CLANG_ENABLE_OBJC_WEAK = YES;
				CLANG_WARN_BLOCK_CAPTURE_AUTORELEASING = YES;
				CLANG_WARN_BOOL_CONVERSION = YES;
				CLANG_WARN_COMMA = YES;
				CLANG_WARN_CONSTANT_CONVERSION = YES;
				CLANG_WARN_DEPRECATED_OBJC_IMPLEMENTATIONS = YES;
				CLANG_WARN_DIRECT_OBJC_ISA_USAGE = YES_ERROR;
				CLANG_WARN_DOCUMENTATION_COMMENTS = YES;
				CLANG_WARN_EMPTY_BODY = YES;
				CLANG_WARN_ENUM_CONVERSION = YES;
				CLANG_WARN_INFINITE_RECURSION = YES;
				CLANG_WARN_INT_CONVERSION = YES;
				CLANG_WARN_NON_LITERAL_NULL_CONVERSION = YES;
				CLANG_WARN_OBJC_IMPLICIT_RETAIN_SELF = YES;
				CLANG_WARN_OBJC_LITERAL_CONVERSION = YES;
				CLANG_WARN_OBJC_ROOT_CLASS = YES_ERROR;
				CLANG_WARN_RANGE_LOOP_ANALYSIS = YES;
				CLANG_WARN_STRICT_PROTOTYPES = YES;
				CLANG_WARN_SUSPICIOUS_MOVE = YES;
				CLANG_WARN_UNGUARDED_AVAILABILITY = YES_AGGRESSIVE;
				CLANG_WARN_UNREACHABLE_CODE = YES;
				CLANG_WARN__DUPLICATE_METHOD_MATCH = YES;
				COPY_PHASE_STRIP = NO;
				DEBUG_INFORMATION_FORMAT = dwarf;
				ENABLE_STRICT_OBJC_MSGSEND = YES;
				ENABLE_TESTABILITY = YES;
				GCC_C_LANGUAGE_STANDARD = gnu11;
				GCC_DYNAMIC_NO_PIC = NO;
				GCC_NO_COMMON_BLOCKS = YES;
				GCC_OPTIMIZATION_LEVEL = 0;
				GCC_PREPROCESSOR_DEFINITIONS = (
					"DEBUG=1",
					"$(inherited)",
				);
				GCC_WARN_64_TO_32_BIT_CONVERSION = YES;
				GCC_WARN_ABOUT_RETURN_TYPE = YES_ERROR;
				GCC_WARN_UNDECLARED_SELECTOR = YES;
				GCC_WARN_UNINITIALIZED_AUTOS = YES_AGGRESSIVE;
				GCC_WARN_UNUSED_FUNCTION = YES;
				GCC_WARN_UNUSED_VARIABLE = YES;
				IPHONEOS_DEPLOYMENT_TARGET = 13.2;
				MTL_ENABLE_DEBUG_INFO = INCLUDE_SOURCE;
				MTL_FAST_MATH = YES;
				ONLY_ACTIVE_ARCH = YES;
				SDKROOT = iphoneos;
				SWIFT_ACTIVE_COMPILATION_CONDITIONS = DEBUG;
				SWIFT_OPTIMIZATION_LEVEL = "-Onone";
			};
			name = Debug;
		};
		2C53C32D236CB218003AEC8C /* Release */ = {
			isa = XCBuildConfiguration;
			buildSettings = {
				ALWAYS_SEARCH_USER_PATHS = NO;
				CLANG_ANALYZER_NONNULL = YES;
				CLANG_ANALYZER_NUMBER_OBJECT_CONVERSION = YES_AGGRESSIVE;
				CLANG_CXX_LANGUAGE_STANDARD = "gnu++14";
				CLANG_CXX_LIBRARY = "libc++";
				CLANG_ENABLE_MODULES = YES;
				CLANG_ENABLE_OBJC_ARC = YES;
				CLANG_ENABLE_OBJC_WEAK = YES;
				CLANG_WARN_BLOCK_CAPTURE_AUTORELEASING = YES;
				CLANG_WARN_BOOL_CONVERSION = YES;
				CLANG_WARN_COMMA = YES;
				CLANG_WARN_CONSTANT_CONVERSION = YES;
				CLANG_WARN_DEPRECATED_OBJC_IMPLEMENTATIONS = YES;
				CLANG_WARN_DIRECT_OBJC_ISA_USAGE = YES_ERROR;
				CLANG_WARN_DOCUMENTATION_COMMENTS = YES;
				CLANG_WARN_EMPTY_BODY = YES;
				CLANG_WARN_ENUM_CONVERSION = YES;
				CLANG_WARN_INFINITE_RECURSION = YES;
				CLANG_WARN_INT_CONVERSION = YES;
				CLANG_WARN_NON_LITERAL_NULL_CONVERSION = YES;
				CLANG_WARN_OBJC_IMPLICIT_RETAIN_SELF = YES;
				CLANG_WARN_OBJC_LITERAL_CONVERSION = YES;
				CLANG_WARN_OBJC_ROOT_CLASS = YES_ERROR;
				CLANG_WARN_RANGE_LOOP_ANALYSIS = YES;
				CLANG_WARN_STRICT_PROTOTYPES = YES;
				CLANG_WARN_SUSPICIOUS_MOVE = YES;
				CLANG_WARN_UNGUARDED_AVAILABILITY = YES_AGGRESSIVE;
				CLANG_WARN_UNREACHABLE_CODE = YES;
				CLANG_WARN__DUPLICATE_METHOD_MATCH = YES;
				COPY_PHASE_STRIP = NO;
				DEBUG_INFORMATION_FORMAT = "dwarf-with-dsym";
				ENABLE_NS_ASSERTIONS = NO;
				ENABLE_STRICT_OBJC_MSGSEND = YES;
				GCC_C_LANGUAGE_STANDARD = gnu11;
				GCC_NO_COMMON_BLOCKS = YES;
				GCC_WARN_64_TO_32_BIT_CONVERSION = YES;
				GCC_WARN_ABOUT_RETURN_TYPE = YES_ERROR;
				GCC_WARN_UNDECLARED_SELECTOR = YES;
				GCC_WARN_UNINITIALIZED_AUTOS = YES_AGGRESSIVE;
				GCC_WARN_UNUSED_FUNCTION = YES;
				GCC_WARN_UNUSED_VARIABLE = YES;
				IPHONEOS_DEPLOYMENT_TARGET = 13.2;
				MTL_ENABLE_DEBUG_INFO = NO;
				MTL_FAST_MATH = YES;
				SDKROOT = iphoneos;
				SWIFT_COMPILATION_MODE = wholemodule;
				SWIFT_OPTIMIZATION_LEVEL = "-O";
				VALIDATE_PRODUCT = YES;
			};
			name = Release;
		};
		2C53C32F236CB218003AEC8C /* Debug */ = {
			isa = XCBuildConfiguration;
			buildSettings = {
				ASSETCATALOG_COMPILER_APPICON_NAME = AppIcon;
				CODE_SIGN_ENTITLEMENTS = Planetarium/Planetarium.entitlements;
				CODE_SIGN_STYLE = Automatic;
				DERIVE_MACCATALYST_PRODUCT_BUNDLE_IDENTIFIER = YES;
				DEVELOPMENT_TEAM = SJWSDWTP28;
				INFOPLIST_FILE = Planetarium/Info.plist;
				LD_RUNPATH_SEARCH_PATHS = (
					"$(inherited)",
					"@executable_path/Frameworks",
				);
				PRODUCT_BUNDLE_IDENTIFIER = io.bronner.Planetarium;
				PRODUCT_NAME = "$(TARGET_NAME)";
				SUPPORTS_MACCATALYST = YES;
				SWIFT_VERSION = 5.0;
				TARGETED_DEVICE_FAMILY = "1,2";
			};
			name = Debug;
		};
		2C53C330236CB218003AEC8C /* Release */ = {
			isa = XCBuildConfiguration;
			buildSettings = {
				ASSETCATALOG_COMPILER_APPICON_NAME = AppIcon;
				CODE_SIGN_ENTITLEMENTS = Planetarium/Planetarium.entitlements;
				CODE_SIGN_STYLE = Automatic;
				DERIVE_MACCATALYST_PRODUCT_BUNDLE_IDENTIFIER = YES;
				DEVELOPMENT_TEAM = SJWSDWTP28;
				INFOPLIST_FILE = Planetarium/Info.plist;
				LD_RUNPATH_SEARCH_PATHS = (
					"$(inherited)",
					"@executable_path/Frameworks",
				);
				PRODUCT_BUNDLE_IDENTIFIER = io.bronner.Planetarium;
				PRODUCT_NAME = "$(TARGET_NAME)";
				SUPPORTS_MACCATALYST = YES;
				SWIFT_VERSION = 5.0;
				TARGETED_DEVICE_FAMILY = "1,2";
			};
			name = Release;
		};
		2C53C332236CB218003AEC8C /* Debug */ = {
			isa = XCBuildConfiguration;
			buildSettings = {
				ALWAYS_EMBED_SWIFT_STANDARD_LIBRARIES = YES;
				BUNDLE_LOADER = "$(TEST_HOST)";
				CODE_SIGN_STYLE = Automatic;
				INFOPLIST_FILE = PlanetariumTests/Info.plist;
				IPHONEOS_DEPLOYMENT_TARGET = 13.2;
				LD_RUNPATH_SEARCH_PATHS = (
					"$(inherited)",
					"@executable_path/Frameworks",
					"@loader_path/Frameworks",
				);
				PRODUCT_BUNDLE_IDENTIFIER = io.bronner.PlanetariumTests;
				PRODUCT_NAME = "$(TARGET_NAME)";
				SWIFT_VERSION = 5.0;
				TARGETED_DEVICE_FAMILY = "1,2";
				TEST_HOST = "$(BUILT_PRODUCTS_DIR)/Planetarium.app/Planetarium";
			};
			name = Debug;
		};
		2C53C333236CB218003AEC8C /* Release */ = {
			isa = XCBuildConfiguration;
			buildSettings = {
				ALWAYS_EMBED_SWIFT_STANDARD_LIBRARIES = YES;
				BUNDLE_LOADER = "$(TEST_HOST)";
				CODE_SIGN_STYLE = Automatic;
				INFOPLIST_FILE = PlanetariumTests/Info.plist;
				IPHONEOS_DEPLOYMENT_TARGET = 13.2;
				LD_RUNPATH_SEARCH_PATHS = (
					"$(inherited)",
					"@executable_path/Frameworks",
					"@loader_path/Frameworks",
				);
				PRODUCT_BUNDLE_IDENTIFIER = io.bronner.PlanetariumTests;
				PRODUCT_NAME = "$(TARGET_NAME)";
				SWIFT_VERSION = 5.0;
				TARGETED_DEVICE_FAMILY = "1,2";
				TEST_HOST = "$(BUILT_PRODUCTS_DIR)/Planetarium.app/Planetarium";
			};
			name = Release;
		};
		2C53C335236CB218003AEC8C /* Debug */ = {
			isa = XCBuildConfiguration;
			buildSettings = {
				ALWAYS_EMBED_SWIFT_STANDARD_LIBRARIES = YES;
				CODE_SIGN_STYLE = Automatic;
				INFOPLIST_FILE = PlanetariumUITests/Info.plist;
				LD_RUNPATH_SEARCH_PATHS = (
					"$(inherited)",
					"@executable_path/Frameworks",
					"@loader_path/Frameworks",
				);
				PRODUCT_BUNDLE_IDENTIFIER = io.bronner.PlanetariumUITests;
				PRODUCT_NAME = "$(TARGET_NAME)";
				SWIFT_VERSION = 5.0;
				TARGETED_DEVICE_FAMILY = "1,2";
				TEST_TARGET_NAME = Planetarium;
			};
			name = Debug;
		};
		2C53C336236CB218003AEC8C /* Release */ = {
			isa = XCBuildConfiguration;
			buildSettings = {
				ALWAYS_EMBED_SWIFT_STANDARD_LIBRARIES = YES;
				CODE_SIGN_STYLE = Automatic;
				INFOPLIST_FILE = PlanetariumUITests/Info.plist;
				LD_RUNPATH_SEARCH_PATHS = (
					"$(inherited)",
					"@executable_path/Frameworks",
					"@loader_path/Frameworks",
				);
				PRODUCT_BUNDLE_IDENTIFIER = io.bronner.PlanetariumUITests;
				PRODUCT_NAME = "$(TARGET_NAME)";
				SWIFT_VERSION = 5.0;
				TARGETED_DEVICE_FAMILY = "1,2";
				TEST_TARGET_NAME = Planetarium;
			};
			name = Release;
		};
/* End XCBuildConfiguration section */

/* Begin XCConfigurationList section */
		2C53C2FF236CB216003AEC8C /* Build configuration list for PBXProject "Planetarium" */ = {
			isa = XCConfigurationList;
			buildConfigurations = (
				2C53C32C236CB218003AEC8C /* Debug */,
				2C53C32D236CB218003AEC8C /* Release */,
			);
			defaultConfigurationIsVisible = 0;
			defaultConfigurationName = Release;
		};
		2C53C32E236CB218003AEC8C /* Build configuration list for PBXNativeTarget "Planetarium" */ = {
			isa = XCConfigurationList;
			buildConfigurations = (
				2C53C32F236CB218003AEC8C /* Debug */,
				2C53C330236CB218003AEC8C /* Release */,
			);
			defaultConfigurationIsVisible = 0;
			defaultConfigurationName = Release;
		};
		2C53C331236CB218003AEC8C /* Build configuration list for PBXNativeTarget "PlanetariumTests" */ = {
			isa = XCConfigurationList;
			buildConfigurations = (
				2C53C332236CB218003AEC8C /* Debug */,
				2C53C333236CB218003AEC8C /* Release */,
			);
			defaultConfigurationIsVisible = 0;
			defaultConfigurationName = Release;
		};
		2C53C334236CB218003AEC8C /* Build configuration list for PBXNativeTarget "PlanetariumUITests" */ = {
			isa = XCConfigurationList;
			buildConfigurations = (
				2C53C335236CB218003AEC8C /* Debug */,
				2C53C336236CB218003AEC8C /* Release */,
			);
			defaultConfigurationIsVisible = 0;
			defaultConfigurationName = Release;
		};
/* End XCConfigurationList section */
	};
	rootObject = 2C53C2FC236CB216003AEC8C /* Project object */;
}
